
Microsoft Visual Studio Solution File, Format Version 12.00
# Visual Studio Version 17
VisualStudioVersion = 17.8.34511.84
MinimumVisualStudioVersion = 10.0.40219.1
Project("{FAE04EC0-301F-11D3-BF4B-00C04F79EFBC}") = "Day1", "Day1.csproj", "{FA384FD5-7F37-4FF3-A3A0-27A6957A0C39}"
EndProject
Global
	GlobalSection(SolutionConfigurationPlatforms) = preSolution
		Debug|Any CPU = Debug|Any CPU
		Release|Any CPU = Release|Any CPU
	EndGlobalSection
	GlobalSection(ProjectConfigurationPlatforms) = postSolution
		{FA384FD5-7F37-4FF3-A3A0-27A6957A0C39}.Debug|Any CPU.ActiveCfg = Debug|Any CPU
		{FA384FD5-7F37-4FF3-A3A0-27A6957A0C39}.Debug|Any CPU.Build.0 = Debug|Any CPU
		{FA384FD5-7F37-4FF3-A3A0-27A6957A0C39}.Release|Any CPU.ActiveCfg = Release|Any CPU
		{FA384FD5-7F37-4FF3-A3A0-27A6957A0C39}.Release|Any CPU.Build.0 = Release|Any CPU
	EndGlobalSection
	GlobalSection(SolutionProperties) = preSolution
		HideSolutionNode = FALSE
	EndGlobalSection
	GlobalSection(ExtensibilityGlobals) = postSolution
		SolutionGuid = {0B9AB0CF-D3AA-4408-B8E5-78B7DFA6F832}
	EndGlobalSection
EndGlobal
