
Microsoft Visual Studio Solution File, Format Version 12.00
# Visual Studio Version 17
VisualStudioVersion = 17.8.34511.84
MinimumVisualStudioVersion = 10.0.40219.1
Project("{FAE04EC0-301F-11D3-BF4B-00C04F79EFBC}") = "Day11", "Day11.csproj", "{A5F58BF4-3C86-4B11-B243-038D055E9AA4}"
EndProject
Global
	GlobalSection(SolutionConfigurationPlatforms) = preSolution
		Debug|Any CPU = Debug|Any CPU
		Release|Any CPU = Release|Any CPU
	EndGlobalSection
	GlobalSection(ProjectConfigurationPlatforms) = postSolution
		{A5F58BF4-3C86-4B11-B243-038D055E9AA4}.Debug|Any CPU.ActiveCfg = Debug|Any CPU
		{A5F58BF4-3C86-4B11-B243-038D055E9AA4}.Debug|Any CPU.Build.0 = Debug|Any CPU
		{A5F58BF4-3C86-4B11-B243-038D055E9AA4}.Release|Any CPU.ActiveCfg = Release|Any CPU
		{A5F58BF4-3C86-4B11-B243-038D055E9AA4}.Release|Any CPU.Build.0 = Release|Any CPU
	EndGlobalSection
	GlobalSection(SolutionProperties) = preSolution
		HideSolutionNode = FALSE
	EndGlobalSection
	GlobalSection(ExtensibilityGlobals) = postSolution
		SolutionGuid = {6F9BE0D3-4523-4F80-BC0C-54AE37AB0870}
	EndGlobalSection
EndGlobal
